
Microsoft Visual Studio Solution File, Format Version 12.00
# Visual Studio Version 17
VisualStudioVersion = 17.9.34728.123
MinimumVisualStudioVersion = 10.0.40219.1
Project("{FAE04EC0-301F-11D3-BF4B-00C04F79EFBC}") = "MyLibrary2", "MyLibrary2\MyLibrary2.csproj", "{01828695-D380-4B32-AB1A-56BDF8231417}"
EndProject
Global
	GlobalSection(SolutionConfigurationPlatforms) = preSolution
		Debug|Any CPU = Debug|Any CPU
		Release|Any CPU = Release|Any CPU
	EndGlobalSection
	GlobalSection(ProjectConfigurationPlatforms) = postSolution
		{01828695-D380-4B32-AB1A-56BDF8231417}.Debug|Any CPU.ActiveCfg = Debug|Any CPU
		{01828695-D380-4B32-AB1A-56BDF8231417}.Debug|Any CPU.Build.0 = Debug|Any CPU
		{01828695-D380-4B32-AB1A-56BDF8231417}.Release|Any CPU.ActiveCfg = Release|Any CPU
		{01828695-D380-4B32-AB1A-56BDF8231417}.Release|Any CPU.Build.0 = Release|Any CPU
	EndGlobalSection
	GlobalSection(SolutionProperties) = preSolution
		HideSolutionNode = FALSE
	EndGlobalSection
	GlobalSection(ExtensibilityGlobals) = postSolution
		SolutionGuid = {4BF5531A-9AA6-47B4-B5DB-D1B6B079EE05}
	EndGlobalSection
EndGlobal
